
Microsoft Visual Studio Solution File, Format Version 12.00
# Visual Studio Version 16
VisualStudioVersion = 16.0.30717.126
MinimumVisualStudioVersion = 10.0.40219.1
Project("{FAE04EC0-301F-11D3-BF4B-00C04F79EFBC}") = "MeterReadingAPI", "MeterReadingAPI.csproj", "{455E062F-EF0B-476E-840A-565F77E37BE2}"
EndProject
Global
	GlobalSection(SolutionConfigurationPlatforms) = preSolution
		Debug|Any CPU = Debug|Any CPU
		Release|Any CPU = Release|Any CPU
	EndGlobalSection
	GlobalSection(ProjectConfigurationPlatforms) = postSolution
		{455E062F-EF0B-476E-840A-565F77E37BE2}.Debug|Any CPU.ActiveCfg = Debug|Any CPU
		{455E062F-EF0B-476E-840A-565F77E37BE2}.Debug|Any CPU.Build.0 = Debug|Any CPU
		{455E062F-EF0B-476E-840A-565F77E37BE2}.Release|Any CPU.ActiveCfg = Release|Any CPU
		{455E062F-EF0B-476E-840A-565F77E37BE2}.Release|Any CPU.Build.0 = Release|Any CPU
	EndGlobalSection
	GlobalSection(SolutionProperties) = preSolution
		HideSolutionNode = FALSE
	EndGlobalSection
	GlobalSection(ExtensibilityGlobals) = postSolution
		SolutionGuid = {B8D8A210-5316-480A-A21A-921567E70ABF}
	EndGlobalSection
EndGlobal
